// !$*UTF8*$!
{
	archiveVersion = 1;
	classes = {
	};
	objectVersion = 50;
	objects = {

/* Begin PBXBuildFile section */
		3A723BE5255A375E0066500C /* Stop_WatchApp.swift in Sources */ = {isa = PBXBuildFile; fileRef = 3A723BE4255A375E0066500C /* Stop_WatchApp.swift */; };
		3A723BE7255A375E0066500C /* ContentView.swift in Sources */ = {isa = PBXBuildFile; fileRef = 3A723BE6255A375E0066500C /* ContentView.swift */; };
		3A723BE9255A37600066500C /* Assets.xcassets in Resources */ = {isa = PBXBuildFile; fileRef = 3A723BE8255A37600066500C /* Assets.xcassets */; };
		3A723BEC255A37600066500C /* Preview Assets.xcassets in Resources */ = {isa = PBXBuildFile; fileRef = 3A723BEB255A37600066500C /* Preview Assets.xcassets */; };
		3A723BF7255A37600066500C /* Stop_WatchTests.swift in Sources */ = {isa = PBXBuildFile; fileRef = 3A723BF6255A37600066500C /* Stop_WatchTests.swift */; };
		3A723C02255A37600066500C /* Stop_WatchUITests.swift in Sources */ = {isa = PBXBuildFile; fileRef = 3A723C01255A37600066500C /* Stop_WatchUITests.swift */; };
/* End PBXBuildFile section */

/* Begin PBXContainerItemProxy section */
		3A723BF3255A37600066500C /* PBXContainerItemProxy */ = {
			isa = PBXContainerItemProxy;
			containerPortal = 3A723BD9255A375E0066500C /* Project object */;
			proxyType = 1;
			remoteGlobalIDString = 3A723BE0255A375E0066500C;
			remoteInfo = "Stop Watch";
		};
		3A723BFE255A37600066500C /* PBXContainerItemProxy */ = {
			isa = PBXContainerItemProxy;
			containerPortal = 3A723BD9255A375E0066500C /* Project object */;
			proxyType = 1;
			remoteGlobalIDString = 3A723BE0255A375E0066500C;
			remoteInfo = "Stop Watch";
		};
/* End PBXContainerItemProxy section */

/* Begin PBXFileReference section */
		3A723BE1255A375E0066500C /* Stop Watch.app */ = {isa = PBXFileReference; explicitFileType = wrapper.application; includeInIndex = 0; path = "Stop Watch.app"; sourceTree = BUILT_PRODUCTS_DIR; };
		3A723BE4255A375E0066500C /* Stop_WatchApp.swift */ = {isa = PBXFileReference; lastKnownFileType = sourcecode.swift; path = Stop_WatchApp.swift; sourceTree = "<group>"; };
		3A723BE6255A375E0066500C /* ContentView.swift */ = {isa = PBXFileReference; lastKnownFileType = sourcecode.swift; path = ContentView.swift; sourceTree = "<group>"; };
		3A723BE8255A37600066500C /* Assets.xcassets */ = {isa = PBXFileReference; lastKnownFileType = folder.assetcatalog; path = Assets.xcassets; sourceTree = "<group>"; };
		3A723BEB255A37600066500C /* Preview Assets.xcassets */ = {isa = PBXFileReference; lastKnownFileType = folder.assetcatalog; path = "Preview Assets.xcassets"; sourceTree = "<group>"; };
		3A723BED255A37600066500C /* Info.plist */ = {isa = PBXFileReference; lastKnownFileType = text.plist.xml; path = Info.plist; sourceTree = "<group>"; };
		3A723BF2255A37600066500C /* Stop WatchTests.xctest */ = {isa = PBXFileReference; explicitFileType = wrapper.cfbundle; includeInIndex = 0; path = "Stop WatchTests.xctest"; sourceTree = BUILT_PRODUCTS_DIR; };
		3A723BF6255A37600066500C /* Stop_WatchTests.swift */ = {isa = PBXFileReference; lastKnownFileType = sourcecode.swift; path = Stop_WatchTests.swift; sourceTree = "<group>"; };
		3A723BF8255A37600066500C /* Info.plist */ = {isa = PBXFileReference; lastKnownFileType = text.plist.xml; path = Info.plist; sourceTree = "<group>"; };
		3A723BFD255A37600066500C /* Stop WatchUITests.xctest */ = {isa = PBXFileReference; explicitFileType = wrapper.cfbundle; includeInIndex = 0; path = "Stop WatchUITests.xctest"; sourceTree = BUILT_PRODUCTS_DIR; };
		3A723C01255A37600066500C /* Stop_WatchUITests.swift */ = {isa = PBXFileReference; lastKnownFileType = sourcecode.swift; path = Stop_WatchUITests.swift; sourceTree = "<group>"; };
		3A723C03255A37600066500C /* Info.plist */ = {isa = PBXFileReference; lastKnownFileType = text.plist.xml; path = Info.plist; sourceTree = "<group>"; };
/* End PBXFileReference section */

/* Begin PBXFrameworksBuildPhase section */
		3A723BDE255A375E0066500C /* Frameworks */ = {
			isa = PBXFrameworksBuildPhase;
			buildActionMask = 2147483647;
			files = (
			);
			runOnlyForDeploymentPostprocessing = 0;
		};
		3A723BEF255A37600066500C /* Frameworks */ = {
			isa = PBXFrameworksBuildPhase;
			buildActionMask = 2147483647;
			files = (
			);
			runOnlyForDeploymentPostprocessing = 0;
		};
		3A723BFA255A37600066500C /* Frameworks */ = {
			isa = PBXFrameworksBuildPhase;
			buildActionMask = 2147483647;
			files = (
			);
			runOnlyForDeploymentPostprocessing = 0;
		};
/* End PBXFrameworksBuildPhase section */

/* Begin PBXGroup section */
		3A723BD8255A375E0066500C = {
			isa = PBXGroup;
			children = (
				3A723BE3255A375E0066500C /* Stop Watch */,
				3A723BF5255A37600066500C /* Stop WatchTests */,
				3A723C00255A37600066500C /* Stop WatchUITests */,
				3A723BE2255A375E0066500C /* Products */,
			);
			sourceTree = "<group>";
		};
		3A723BE2255A375E0066500C /* Products */ = {
			isa = PBXGroup;
			children = (
				3A723BE1255A375E0066500C /* Stop Watch.app */,
				3A723BF2255A37600066500C /* Stop WatchTests.xctest */,
				3A723BFD255A37600066500C /* Stop WatchUITests.xctest */,
			);
			name = Products;
			sourceTree = "<group>";
		};
		3A723BE3255A375E0066500C /* Stop Watch */ = {
			isa = PBXGroup;
			children = (
				3A723BE4255A375E0066500C /* Stop_WatchApp.swift */,
				3A723BE6255A375E0066500C /* ContentView.swift */,
				3A723BE8255A37600066500C /* Assets.xcassets */,
				3A723BED255A37600066500C /* Info.plist */,
				3A723BEA255A37600066500C /* Preview Content */,
			);
			path = "Stop Watch";
			sourceTree = "<group>";
		};
		3A723BEA255A37600066500C /* Preview Content */ = {
			isa = PBXGroup;
			children = (
				3A723BEB255A37600066500C /* Preview Assets.xcassets */,
			);
			path = "Preview Content";
			sourceTree = "<group>";
		};
		3A723BF5255A37600066500C /* Stop WatchTests */ = {
			isa = PBXGroup;
			children = (
				3A723BF6255A37600066500C /* Stop_WatchTests.swift */,
				3A723BF8255A37600066500C /* Info.plist */,
			);
			path = "Stop WatchTests";
			sourceTree = "<group>";
		};
		3A723C00255A37600066500C /* Stop WatchUITests */ = {
			isa = PBXGroup;
			children = (
				3A723C01255A37600066500C /* Stop_WatchUITests.swift */,
				3A723C03255A37600066500C /* Info.plist */,
			);
			path = "Stop WatchUITests";
			sourceTree = "<group>";
		};
/* End PBXGroup section */

/* Begin PBXNativeTarget section */
		3A723BE0255A375E0066500C /* Stop Watch */ = {
			isa = PBXNativeTarget;
			buildConfigurationList = 3A723C06255A37600066500C /* Build configuration list for PBXNativeTarget "Stop Watch" */;
			buildPhases = (
				3A723BDD255A375E0066500C /* Sources */,
				3A723BDE255A375E0066500C /* Frameworks */,
				3A723BDF255A375E0066500C /* Resources */,
			);
			buildRules = (
			);
			dependencies = (
			);
			name = "Stop Watch";
			productName = "Stop Watch";
			productReference = 3A723BE1255A375E0066500C /* Stop Watch.app */;
			productType = "com.apple.product-type.application";
		};
		3A723BF1255A37600066500C /* Stop WatchTests */ = {
			isa = PBXNativeTarget;
			buildConfigurationList = 3A723C09255A37600066500C /* Build configuration list for PBXNativeTarget "Stop WatchTests" */;
			buildPhases = (
				3A723BEE255A37600066500C /* Sources */,
				3A723BEF255A37600066500C /* Frameworks */,
				3A723BF0255A37600066500C /* Resources */,
			);
			buildRules = (
			);
			dependencies = (
				3A723BF4255A37600066500C /* PBXTargetDependency */,
			);
			name = "Stop WatchTests";
			productName = "Stop WatchTests";
			productReference = 3A723BF2255A37600066500C /* Stop WatchTests.xctest */;
			productType = "com.apple.product-type.bundle.unit-test";
		};
		3A723BFC255A37600066500C /* Stop WatchUITests */ = {
			isa = PBXNativeTarget;
			buildConfigurationList = 3A723C0C255A37600066500C /* Build configuration list for PBXNativeTarget "Stop WatchUITests" */;
			buildPhases = (
				3A723BF9255A37600066500C /* Sources */,
				3A723BFA255A37600066500C /* Frameworks */,
				3A723BFB255A37600066500C /* Resources */,
			);
			buildRules = (
			);
			dependencies = (
				3A723BFF255A37600066500C /* PBXTargetDependency */,
			);
			name = "Stop WatchUITests";
			productName = "Stop WatchUITests";
			productReference = 3A723BFD255A37600066500C /* Stop WatchUITests.xctest */;
			productType = "com.apple.product-type.bundle.ui-testing";
		};
/* End PBXNativeTarget section */

/* Begin PBXProject section */
		3A723BD9255A375E0066500C /* Project object */ = {
			isa = PBXProject;
			attributes = {
				LastSwiftUpdateCheck = 1210;
				LastUpgradeCheck = 1210;
				TargetAttributes = {
					3A723BE0255A375E0066500C = {
						CreatedOnToolsVersion = 12.1;
					};
					3A723BF1255A37600066500C = {
						CreatedOnToolsVersion = 12.1;
						TestTargetID = 3A723BE0255A375E0066500C;
					};
					3A723BFC255A37600066500C = {
						CreatedOnToolsVersion = 12.1;
						TestTargetID = 3A723BE0255A375E0066500C;
					};
				};
			};
			buildConfigurationList = 3A723BDC255A375E0066500C /* Build configuration list for PBXProject "Stop Watch" */;
			compatibilityVersion = "Xcode 9.3";
			developmentRegion = en;
			hasScannedForEncodings = 0;
			knownRegions = (
				en,
				Base,
			);
			mainGroup = 3A723BD8255A375E0066500C;
			productRefGroup = 3A723BE2255A375E0066500C /* Products */;
			projectDirPath = "";
			projectRoot = "";
			targets = (
				3A723BE0255A375E0066500C /* Stop Watch */,
				3A723BF1255A37600066500C /* Stop WatchTests */,
				3A723BFC255A37600066500C /* Stop WatchUITests */,
			);
		};
/* End PBXProject section */

/* Begin PBXResourcesBuildPhase section */
		3A723BDF255A375E0066500C /* Resources */ = {
			isa = PBXResourcesBuildPhase;
			buildActionMask = 2147483647;
			files = (
				3A723BEC255A37600066500C /* Preview Assets.xcassets in Resources */,
				3A723BE9255A37600066500C /* Assets.xcassets in Resources */,
			);
			runOnlyForDeploymentPostprocessing = 0;
		};
		3A723BF0255A37600066500C /* Resources */ = {
			isa = PBXResourcesBuildPhase;
			buildActionMask = 2147483647;
			files = (
			);
			runOnlyForDeploymentPostprocessing = 0;
		};
		3A723BFB255A37600066500C /* Resources */ = {
			isa = PBXResourcesBuildPhase;
			buildActionMask = 2147483647;
			files = (
			);
			runOnlyForDeploymentPostprocessing = 0;
		};
/* End PBXResourcesBuildPhase section */

/* Begin PBXSourcesBuildPhase section */
		3A723BDD255A375E0066500C /* Sources */ = {
			isa = PBXSourcesBuildPhase;
			buildActionMask = 2147483647;
			files = (
				3A723BE7255A375E0066500C /* ContentView.swift in Sources */,
				3A723BE5255A375E0066500C /* Stop_WatchApp.swift in Sources */,
			);
			runOnlyForDeploymentPostprocessing = 0;
		};
		3A723BEE255A37600066500C /* Sources */ = {
			isa = PBXSourcesBuildPhase;
			buildActionMask = 2147483647;
			files = (
				3A723BF7255A37600066500C /* Stop_WatchTests.swift in Sources */,
			);
			runOnlyForDeploymentPostprocessing = 0;
		};
		3A723BF9255A37600066500C /* Sources */ = {
			isa = PBXSourcesBuildPhase;
			buildActionMask = 2147483647;
			files = (
				3A723C02255A37600066500C /* Stop_WatchUITests.swift in Sources */,
			);
			runOnlyForDeploymentPostprocessing = 0;
		};
/* End PBXSourcesBuildPhase section */

/* Begin PBXTargetDependency section */
		3A723BF4255A37600066500C /* PBXTargetDependency */ = {
			isa = PBXTargetDependency;
			target = 3A723BE0255A375E0066500C /* Stop Watch */;
			targetProxy = 3A723BF3255A37600066500C /* PBXContainerItemProxy */;
		};
		3A723BFF255A37600066500C /* PBXTargetDependency */ = {
			isa = PBXTargetDependency;
			target = 3A723BE0255A375E0066500C /* Stop Watch */;
			targetProxy = 3A723BFE255A37600066500C /* PBXContainerItemProxy */;
		};
/* End PBXTargetDependency section */

/* Begin XCBuildConfiguration section */
		3A723C04255A37600066500C /* Debug */ = {
			isa = XCBuildConfiguration;
			buildSettings = {
				ALWAYS_SEARCH_USER_PATHS = NO;
				CLANG_ANALYZER_NONNULL = YES;
				CLANG_ANALYZER_NUMBER_OBJECT_CONVERSION = YES_AGGRESSIVE;
				CLANG_CXX_LANGUAGE_STANDARD = "gnu++14";
				CLANG_CXX_LIBRARY = "libc++";
				CLANG_ENABLE_MODULES = YES;
				CLANG_ENABLE_OBJC_ARC = YES;
				CLANG_ENABLE_OBJC_WEAK = YES;
				CLANG_WARN_BLOCK_CAPTURE_AUTORELEASING = YES;
				CLANG_WARN_BOOL_CONVERSION = YES;
				CLANG_WARN_COMMA = YES;
				CLANG_WARN_CONSTANT_CONVERSION = YES;
				CLANG_WARN_DEPRECATED_OBJC_IMPLEMENTATIONS = YES;
				CLANG_WARN_DIRECT_OBJC_ISA_USAGE = YES_ERROR;
				CLANG_WARN_DOCUMENTATION_COMMENTS = YES;
				CLANG_WARN_EMPTY_BODY = YES;
				CLANG_WARN_ENUM_CONVERSION = YES;
				CLANG_WARN_INFINITE_RECURSION = YES;
				CLANG_WARN_INT_CONVERSION = YES;
				CLANG_WARN_NON_LITERAL_NULL_CONVERSION = YES;
				CLANG_WARN_OBJC_IMPLICIT_RETAIN_SELF = YES;
				CLANG_WARN_OBJC_LITERAL_CONVERSION = YES;
				CLANG_WARN_OBJC_ROOT_CLASS = YES_ERROR;
				CLANG_WARN_QUOTED_INCLUDE_IN_FRAMEWORK_HEADER = YES;
				CLANG_WARN_RANGE_LOOP_ANALYSIS = YES;
				CLANG_WARN_STRICT_PROTOTYPES = YES;
				CLANG_WARN_SUSPICIOUS_MOVE = YES;
				CLANG_WARN_UNGUARDED_AVAILABILITY = YES_AGGRESSIVE;
				CLANG_WARN_UNREACHABLE_CODE = YES;
				CLANG_WARN__DUPLICATE_METHOD_MATCH = YES;
				COPY_PHASE_STRIP = NO;
				DEBUG_INFORMATION_FORMAT = dwarf;
				ENABLE_STRICT_OBJC_MSGSEND = YES;
				ENABLE_TESTABILITY = YES;
				GCC_C_LANGUAGE_STANDARD = gnu11;
				GCC_DYNAMIC_NO_PIC = NO;
				GCC_NO_COMMON_BLOCKS = YES;
				GCC_OPTIMIZATION_LEVEL = 0;
				GCC_PREPROCESSOR_DEFINITIONS = (
					"DEBUG=1",
					"$(inherited)",
				);
				GCC_WARN_64_TO_32_BIT_CONVERSION = YES;
				GCC_WARN_ABOUT_RETURN_TYPE = YES_ERROR;
				GCC_WARN_UNDECLARED_SELECTOR = YES;
				GCC_WARN_UNINITIALIZED_AUTOS = YES_AGGRESSIVE;
				GCC_WARN_UNUSED_FUNCTION = YES;
				GCC_WARN_UNUSED_VARIABLE = YES;
				IPHONEOS_DEPLOYMENT_TARGET = 14.1;
				MTL_ENABLE_DEBUG_INFO = INCLUDE_SOURCE;
				MTL_FAST_MATH = YES;
				ONLY_ACTIVE_ARCH = YES;
				SDKROOT = iphoneos;
				SWIFT_ACTIVE_COMPILATION_CONDITIONS = DEBUG;
				SWIFT_OPTIMIZATION_LEVEL = "-Onone";
			};
			name = Debug;
		};
		3A723C05255A37600066500C /* Release */ = {
			isa = XCBuildConfiguration;
			buildSettings = {
				ALWAYS_SEARCH_USER_PATHS = NO;
				CLANG_ANALYZER_NONNULL = YES;
				CLANG_ANALYZER_NUMBER_OBJECT_CONVERSION = YES_AGGRESSIVE;
				CLANG_CXX_LANGUAGE_STANDARD = "gnu++14";
				CLANG_CXX_LIBRARY = "libc++";
				CLANG_ENABLE_MODULES = YES;
				CLANG_ENABLE_OBJC_ARC = YES;
				CLANG_ENABLE_OBJC_WEAK = YES;
				CLANG_WARN_BLOCK_CAPTURE_AUTORELEASING = YES;
				CLANG_WARN_BOOL_CONVERSION = YES;
				CLANG_WARN_COMMA = YES;
				CLANG_WARN_CONSTANT_CONVERSION = YES;
				CLANG_WARN_DEPRECATED_OBJC_IMPLEMENTATIONS = YES;
				CLANG_WARN_DIRECT_OBJC_ISA_USAGE = YES_ERROR;
				CLANG_WARN_DOCUMENTATION_COMMENTS = YES;
				CLANG_WARN_EMPTY_BODY = YES;
				CLANG_WARN_ENUM_CONVERSION = YES;
				CLANG_WARN_INFINITE_RECURSION = YES;
				CLANG_WARN_INT_CONVERSION = YES;
				CLANG_WARN_NON_LITERAL_NULL_CONVERSION = YES;
				CLANG_WARN_OBJC_IMPLICIT_RETAIN_SELF = YES;
				CLANG_WARN_OBJC_LITERAL_CONVERSION = YES;
				CLANG_WARN_OBJC_ROOT_CLASS = YES_ERROR;
				CLANG_WARN_QUOTED_INCLUDE_IN_FRAMEWORK_HEADER = YES;
				CLANG_WARN_RANGE_LOOP_ANALYSIS = YES;
				CLANG_WARN_STRICT_PROTOTYPES = YES;
				CLANG_WARN_SUSPICIOUS_MOVE = YES;
				CLANG_WARN_UNGUARDED_AVAILABILITY = YES_AGGRESSIVE;
				CLANG_WARN_UNREACHABLE_CODE = YES;
				CLANG_WARN__DUPLICATE_METHOD_MATCH = YES;
				COPY_PHASE_STRIP = NO;
				DEBUG_INFORMATION_FORMAT = "dwarf-with-dsym";
				ENABLE_NS_ASSERTIONS = NO;
				ENABLE_STRICT_OBJC_MSGSEND = YES;
				GCC_C_LANGUAGE_STANDARD = gnu11;
				GCC_NO_COMMON_BLOCKS = YES;
				GCC_WARN_64_TO_32_BIT_CONVERSION = YES;
				GCC_WARN_ABOUT_RETURN_TYPE = YES_ERROR;
				GCC_WARN_UNDECLARED_SELECTOR = YES;
				GCC_WARN_UNINITIALIZED_AUTOS = YES_AGGRESSIVE;
				GCC_WARN_UNUSED_FUNCTION = YES;
				GCC_WARN_UNUSED_VARIABLE = YES;
				IPHONEOS_DEPLOYMENT_TARGET = 14.1;
				MTL_ENABLE_DEBUG_INFO = NO;
				MTL_FAST_MATH = YES;
				SDKROOT = iphoneos;
				SWIFT_COMPILATION_MODE = wholemodule;
				SWIFT_OPTIMIZATION_LEVEL = "-O";
				VALIDATE_PRODUCT = YES;
			};
			name = Release;
		};
		3A723C07255A37600066500C /* Debug */ = {
			isa = XCBuildConfiguration;
			buildSettings = {
				ASSETCATALOG_COMPILER_APPICON_NAME = AppIcon;
				ASSETCATALOG_COMPILER_GLOBAL_ACCENT_COLOR_NAME = AccentColor;
				CODE_SIGN_STYLE = Automatic;
				DEVELOPMENT_ASSET_PATHS = "\"Stop Watch/Preview Content\"";
				ENABLE_PREVIEWS = YES;
				INFOPLIST_FILE = "Stop Watch/Info.plist";
				IPHONEOS_DEPLOYMENT_TARGET = 14.0;
				LD_RUNPATH_SEARCH_PATHS = (
					"$(inherited)",
					"@executable_path/Frameworks",
				);
				PRODUCT_BUNDLE_IDENTIFIER = "harshpatel.Stop-Watch";
				PRODUCT_NAME = "$(TARGET_NAME)";
				SWIFT_VERSION = 5.0;
				TARGETED_DEVICE_FAMILY = "1,2";
			};
			name = Debug;
		};
		3A723C08255A37600066500C /* Release */ = {
			isa = XCBuildConfiguration;
			buildSettings = {
				ASSETCATALOG_COMPILER_APPICON_NAME = AppIcon;
				ASSETCATALOG_COMPILER_GLOBAL_ACCENT_COLOR_NAME = AccentColor;
				CODE_SIGN_STYLE = Automatic;
				DEVELOPMENT_ASSET_PATHS = "\"Stop Watch/Preview Content\"";
				ENABLE_PREVIEWS = YES;
				INFOPLIST_FILE = "Stop Watch/Info.plist";
				IPHONEOS_DEPLOYMENT_TARGET = 14.0;
				LD_RUNPATH_SEARCH_PATHS = (
					"$(inherited)",
					"@executable_path/Frameworks",
				);
				PRODUCT_BUNDLE_IDENTIFIER = "harshpatel.Stop-Watch";
				PRODUCT_NAME = "$(TARGET_NAME)";
				SWIFT_VERSION = 5.0;
				TARGETED_DEVICE_FAMILY = "1,2";
			};
			name = Release;
		};
		3A723C0A255A37600066500C /* Debug */ = {
			isa = XCBuildConfiguration;
			buildSettings = {
				ALWAYS_EMBED_SWIFT_STANDARD_LIBRARIES = YES;
				BUNDLE_LOADER = "$(TEST_HOST)";
				CODE_SIGN_STYLE = Automatic;
				INFOPLIST_FILE = "Stop WatchTests/Info.plist";
				IPHONEOS_DEPLOYMENT_TARGET = 14.0;
				LD_RUNPATH_SEARCH_PATHS = (
					"$(inherited)",
					"@executable_path/Frameworks",
					"@loader_path/Frameworks",
				);
				PRODUCT_BUNDLE_IDENTIFIER = "harshpatel.Stop-WatchTests";
				PRODUCT_NAME = "$(TARGET_NAME)";
				SWIFT_VERSION = 5.0;
				TARGETED_DEVICE_FAMILY = "1,2";
				TEST_HOST = "$(BUILT_PRODUCTS_DIR)/Stop Watch.app/Stop Watch";
			};
			name = Debug;
		};
		3A723C0B255A37600066500C /* Release */ = {
			isa = XCBuildConfiguration;
			buildSettings = {
				ALWAYS_EMBED_SWIFT_STANDARD_LIBRARIES = YES;
				BUNDLE_LOADER = "$(TEST_HOST)";
				CODE_SIGN_STYLE = Automatic;
				INFOPLIST_FILE = "Stop WatchTests/Info.plist";
				IPHONEOS_DEPLOYMENT_TARGET = 14.0;
				LD_RUNPATH_SEARCH_PATHS = (
					"$(inherited)",
					"@executable_path/Frameworks",
					"@loader_path/Frameworks",
				);
				PRODUCT_BUNDLE_IDENTIFIER = "harshpatel.Stop-WatchTests";
				PRODUCT_NAME = "$(TARGET_NAME)";
				SWIFT_VERSION = 5.0;
				TARGETED_DEVICE_FAMILY = "1,2";
				TEST_HOST = "$(BUILT_PRODUCTS_DIR)/Stop Watch.app/Stop Watch";
			};
			name = Release;
		};
		3A723C0D255A37600066500C /* Debug */ = {
			isa = XCBuildConfiguration;
			buildSettings = {
				ALWAYS_EMBED_SWIFT_STANDARD_LIBRARIES = YES;
				CODE_SIGN_STYLE = Automatic;
				INFOPLIST_FILE = "Stop WatchUITests/Info.plist";
				LD_RUNPATH_SEARCH_PATHS = (
					"$(inherited)",
					"@executable_path/Frameworks",
					"@loader_path/Frameworks",
				);
				PRODUCT_BUNDLE_IDENTIFIER = "harshpatel.Stop-WatchUITests";
				PRODUCT_NAME = "$(TARGET_NAME)";
				SWIFT_VERSION = 5.0;
				TARGETED_DEVICE_FAMILY = "1,2";
				TEST_TARGET_NAME = "Stop Watch";
			};
			name = Debug;
		};
		3A723C0E255A37600066500C /* Release */ = {
			isa = XCBuildConfiguration;
			buildSettings = {
				ALWAYS_EMBED_SWIFT_STANDARD_LIBRARIES = YES;
				CODE_SIGN_STYLE = Automatic;
				INFOPLIST_FILE = "Stop WatchUITests/Info.plist";
				LD_RUNPATH_SEARCH_PATHS = (
					"$(inherited)",
					"@executable_path/Frameworks",
					"@loader_path/Frameworks",
				);
				PRODUCT_BUNDLE_IDENTIFIER = "harshpatel.Stop-WatchUITests";
				PRODUCT_NAME = "$(TARGET_NAME)";
				SWIFT_VERSION = 5.0;
				TARGETED_DEVICE_FAMILY = "1,2";
				TEST_TARGET_NAME = "Stop Watch";
			};
			name = Release;
		};
/* End XCBuildConfiguration section */

/* Begin XCConfigurationList section */
		3A723BDC255A375E0066500C /* Build configuration list for PBXProject "Stop Watch" */ = {
			isa = XCConfigurationList;
			buildConfigurations = (
				3A723C04255A37600066500C /* Debug */,
				3A723C05255A37600066500C /* Release */,
			);
			defaultConfigurationIsVisible = 0;
			defaultConfigurationName = Release;
		};
		3A723C06255A37600066500C /* Build configuration list for PBXNativeTarget "Stop Watch" */ = {
			isa = XCConfigurationList;
			buildConfigurations = (
				3A723C07255A37600066500C /* Debug */,
				3A723C08255A37600066500C /* Release */,
			);
			defaultConfigurationIsVisible = 0;
			defaultConfigurationName = Release;
		};
		3A723C09255A37600066500C /* Build configuration list for PBXNativeTarget "Stop WatchTests" */ = {
			isa = XCConfigurationList;
			buildConfigurations = (
				3A723C0A255A37600066500C /* Debug */,
				3A723C0B255A37600066500C /* Release */,
			);
			defaultConfigurationIsVisible = 0;
			defaultConfigurationName = Release;
		};
		3A723C0C255A37600066500C /* Build configuration list for PBXNativeTarget "Stop WatchUITests" */ = {
			isa = XCConfigurationList;
			buildConfigurations = (
				3A723C0D255A37600066500C /* Debug */,
				3A723C0E255A37600066500C /* Release */,
			);
			defaultConfigurationIsVisible = 0;
			defaultConfigurationName = Release;
		};
/* End XCConfigurationList section */
	};
	rootObject = 3A723BD9255A375E0066500C /* Project object */;
}
